
Microsoft Visual Studio Solution File, Format Version 12.00
Project("{FAE04EC0-301F-11D3-BF4B-00C04F79EFBC}") = "MaximBondarev", "MaximBondarev\MaximBondarev.csproj", "{E7A0BE92-D89A-4D7C-8F6D-83713679F9C2}"
EndProject
Project("{FAE04EC0-301F-11D3-BF4B-00C04F79EFBC}") = "CheckPasswordUnitTest", "CheckPasswordUnitTest\CheckPasswordUnitTest.csproj", "{C5835CF2-9E1E-4632-8664-56CB5B9A2F94}"
EndProject
Project("{FAE04EC0-301F-11D3-BF4B-00C04F79EFBC}") = "CheckPassword", "CheckPassword\CheckPassword.csproj", "{553CE4AA-27EE-4826-B235-F8E2399B2A4B}"
EndProject
Global
	GlobalSection(SolutionConfigurationPlatforms) = preSolution
		Debug|Any CPU = Debug|Any CPU
		Release|Any CPU = Release|Any CPU
	EndGlobalSection
	GlobalSection(ProjectConfigurationPlatforms) = postSolution
		{E7A0BE92-D89A-4D7C-8F6D-83713679F9C2}.Debug|Any CPU.ActiveCfg = Debug|Any CPU
		{E7A0BE92-D89A-4D7C-8F6D-83713679F9C2}.Debug|Any CPU.Build.0 = Debug|Any CPU
		{E7A0BE92-D89A-4D7C-8F6D-83713679F9C2}.Release|Any CPU.ActiveCfg = Release|Any CPU
		{E7A0BE92-D89A-4D7C-8F6D-83713679F9C2}.Release|Any CPU.Build.0 = Release|Any CPU
		{C5835CF2-9E1E-4632-8664-56CB5B9A2F94}.Debug|Any CPU.ActiveCfg = Debug|Any CPU
		{C5835CF2-9E1E-4632-8664-56CB5B9A2F94}.Debug|Any CPU.Build.0 = Debug|Any CPU
		{C5835CF2-9E1E-4632-8664-56CB5B9A2F94}.Release|Any CPU.ActiveCfg = Release|Any CPU
		{C5835CF2-9E1E-4632-8664-56CB5B9A2F94}.Release|Any CPU.Build.0 = Release|Any CPU
		{553CE4AA-27EE-4826-B235-F8E2399B2A4B}.Debug|Any CPU.ActiveCfg = Debug|Any CPU
		{553CE4AA-27EE-4826-B235-F8E2399B2A4B}.Debug|Any CPU.Build.0 = Debug|Any CPU
		{553CE4AA-27EE-4826-B235-F8E2399B2A4B}.Release|Any CPU.ActiveCfg = Release|Any CPU
		{553CE4AA-27EE-4826-B235-F8E2399B2A4B}.Release|Any CPU.Build.0 = Release|Any CPU
	EndGlobalSection
EndGlobal
